// !$*UTF8*$!
{
	archiveVersion = 1;
	classes = {
	};
	objectVersion = 56;
	objects = {

/* Begin PBXBuildFile section */
		BF2310B42A5843EF00AB9F35 /* malloc.c in Sources */ = {isa = PBXBuildFile; fileRef = BF2310B32A5843EF00AB9F35 /* malloc.c */; };
		BF30D8502A780D9A001D4EBF /* pageHeader.h in Headers */ = {isa = PBXBuildFile; fileRef = BF30D84E2A780D9A001D4EBF /* pageHeader.h */; };
		BF30D8512A780D9A001D4EBF /* pageHeader.c in Sources */ = {isa = PBXBuildFile; fileRef = BF30D84F2A780D9A001D4EBF /* pageHeader.c */; };
		BF30D8542A78103B001D4EBF /* error.h in Headers */ = {isa = PBXBuildFile; fileRef = BF30D8522A78103B001D4EBF /* error.h */; };
		BF30D8552A78103B001D4EBF /* error.c in Sources */ = {isa = PBXBuildFile; fileRef = BF30D8532A78103B001D4EBF /* error.c */; };
		BF4416E52A94C521000C2499 /* zone_small.h in Headers */ = {isa = PBXBuildFile; fileRef = BF4416E32A94C521000C2499 /* zone_small.h */; };
		BF4416E62A94C521000C2499 /* zone_small.c in Sources */ = {isa = PBXBuildFile; fileRef = BF4416E42A94C521000C2499 /* zone_small.c */; };
		BF4416E92A94C5F0000C2499 /* zone_large.h in Headers */ = {isa = PBXBuildFile; fileRef = BF4416E72A94C5F0000C2499 /* zone_large.h */; };
		BF4416EA2A94C5F0000C2499 /* zone_large.c in Sources */ = {isa = PBXBuildFile; fileRef = BF4416E82A94C5F0000C2499 /* zone_large.c */; };
		BF879D5B2A8BA0D700B1A298 /* test.c in Sources */ = {isa = PBXBuildFile; fileRef = BF879D5A2A8BA0D700B1A298 /* test.c */; };
		BF879D5F2A8BA12600B1A298 /* libmh_malloc.dylib in Frameworks */ = {isa = PBXBuildFile; fileRef = BFAC2CE92A583C3E000FC0EC /* libmh_malloc.dylib */; };
		BF879D622A8BA54500B1A298 /* warn.h in Headers */ = {isa = PBXBuildFile; fileRef = BF879D602A8BA54400B1A298 /* warn.h */; };
		BF879D632A8BA54500B1A298 /* warn.c in Sources */ = {isa = PBXBuildFile; fileRef = BF879D612A8BA54500B1A298 /* warn.c */; };
		BFD752FC2A8E7A06008F1AD3 /* zone.h in Headers */ = {isa = PBXBuildFile; fileRef = BFD752FA2A8E7A06008F1AD3 /* zone.h */; };
		BFD752FD2A8E7A06008F1AD3 /* zone.c in Sources */ = {isa = PBXBuildFile; fileRef = BFD752FB2A8E7A06008F1AD3 /* zone.c */; };
		BFD753012A8E8E41008F1AD3 /* zone_medium.c in Sources */ = {isa = PBXBuildFile; fileRef = BFD753002A8E8E41008F1AD3 /* zone_medium.c */; };
/* End PBXBuildFile section */

/* Begin PBXContainerItemProxy section */
		BF879D5C2A8BA0F000B1A298 /* PBXContainerItemProxy */ = {
			isa = PBXContainerItemProxy;
			containerPortal = BFAC2CE12A583C3E000FC0EC /* Project object */;
			proxyType = 1;
			remoteGlobalIDString = BFAC2CE82A583C3E000FC0EC;
			remoteInfo = ft_malloc;
		};
/* End PBXContainerItemProxy section */

/* Begin PBXCopyFilesBuildPhase section */
		BF879D512A8BA0A400B1A298 /* CopyFiles */ = {
			isa = PBXCopyFilesBuildPhase;
			buildActionMask = 2147483647;
			dstPath = /usr/share/man/man1/;
			dstSubfolderSpec = 0;
			files = (
			);
			runOnlyForDeploymentPostprocessing = 1;
		};
/* End PBXCopyFilesBuildPhase section */

/* Begin PBXFileReference section */
		BF2310B22A58415200AB9F35 /* malloc.h */ = {isa = PBXFileReference; lastKnownFileType = sourcecode.c.h; path = malloc.h; sourceTree = "<group>"; };
		BF2310B32A5843EF00AB9F35 /* malloc.c */ = {isa = PBXFileReference; lastKnownFileType = sourcecode.c.c; path = malloc.c; sourceTree = "<group>"; };
		BF243D6E2A9E5CBE00E51F2D /* chunk.h */ = {isa = PBXFileReference; lastKnownFileType = sourcecode.c.h; path = chunk.h; sourceTree = "<group>"; };
		BF30D84E2A780D9A001D4EBF /* pageHeader.h */ = {isa = PBXFileReference; lastKnownFileType = sourcecode.c.h; path = pageHeader.h; sourceTree = "<group>"; };
		BF30D84F2A780D9A001D4EBF /* pageHeader.c */ = {isa = PBXFileReference; lastKnownFileType = sourcecode.c.c; path = pageHeader.c; sourceTree = "<group>"; };
		BF30D8522A78103B001D4EBF /* error.h */ = {isa = PBXFileReference; lastKnownFileType = sourcecode.c.h; path = error.h; sourceTree = "<group>"; };
		BF30D8532A78103B001D4EBF /* error.c */ = {isa = PBXFileReference; lastKnownFileType = sourcecode.c.c; path = error.c; sourceTree = "<group>"; };
		BF4416E32A94C521000C2499 /* zone_small.h */ = {isa = PBXFileReference; lastKnownFileType = sourcecode.c.h; path = zone_small.h; sourceTree = "<group>"; };
		BF4416E42A94C521000C2499 /* zone_small.c */ = {isa = PBXFileReference; lastKnownFileType = sourcecode.c.c; path = zone_small.c; sourceTree = "<group>"; };
		BF4416E72A94C5F0000C2499 /* zone_large.h */ = {isa = PBXFileReference; lastKnownFileType = sourcecode.c.h; path = zone_large.h; sourceTree = "<group>"; };
		BF4416E82A94C5F0000C2499 /* zone_large.c */ = {isa = PBXFileReference; lastKnownFileType = sourcecode.c.c; path = zone_large.c; sourceTree = "<group>"; };
		BF879D532A8BA0A400B1A298 /* test */ = {isa = PBXFileReference; explicitFileType = "compiled.mach-o.executable"; includeInIndex = 0; path = test; sourceTree = BUILT_PRODUCTS_DIR; };
		BF879D5A2A8BA0D700B1A298 /* test.c */ = {isa = PBXFileReference; fileEncoding = 4; lastKnownFileType = sourcecode.c.c; path = test.c; sourceTree = "<group>"; };
		BF879D602A8BA54400B1A298 /* warn.h */ = {isa = PBXFileReference; lastKnownFileType = sourcecode.c.h; path = warn.h; sourceTree = "<group>"; };
		BF879D612A8BA54500B1A298 /* warn.c */ = {isa = PBXFileReference; lastKnownFileType = sourcecode.c.c; path = warn.c; sourceTree = "<group>"; };
		BFAACC392A9FAC3900804478 /* chunk_medium.h */ = {isa = PBXFileReference; lastKnownFileType = sourcecode.c.h; path = chunk_medium.h; sourceTree = "<group>"; };
		BFABDC212ABB2EB500185E21 /* LICENSE */ = {isa = PBXFileReference; lastKnownFileType = text; path = LICENSE; sourceTree = "<group>"; };
		BFAC2CE92A583C3E000FC0EC /* libmh_malloc.dylib */ = {isa = PBXFileReference; explicitFileType = "compiled.mach-o.dylib"; includeInIndex = 0; path = libmh_malloc.dylib; sourceTree = BUILT_PRODUCTS_DIR; };
		BFB4EA092A583CC5009376F1 /* .gitignore */ = {isa = PBXFileReference; lastKnownFileType = text; path = .gitignore; sourceTree = "<group>"; };
		BFB4EA0A2A583D20009376F1 /* README.md */ = {isa = PBXFileReference; lastKnownFileType = net.daringfireball.markdown; path = README.md; sourceTree = "<group>"; };
		BFB4EA0C2A583E73009376F1 /* Makefile */ = {isa = PBXFileReference; fileEncoding = 4; lastKnownFileType = sourcecode.make; path = Makefile; sourceTree = "<group>"; };
		BFD752FA2A8E7A06008F1AD3 /* zone.h */ = {isa = PBXFileReference; lastKnownFileType = sourcecode.c.h; path = zone.h; sourceTree = "<group>"; };
		BFD752FB2A8E7A06008F1AD3 /* zone.c */ = {isa = PBXFileReference; lastKnownFileType = sourcecode.c.c; path = zone.c; sourceTree = "<group>"; };
		BFD752FE2A8E82AA008F1AD3 /* zones.h */ = {isa = PBXFileReference; lastKnownFileType = sourcecode.c.h; path = zones.h; sourceTree = "<group>"; };
		BFD752FF2A8E8B88008F1AD3 /* zone_medium.h */ = {isa = PBXFileReference; lastKnownFileType = sourcecode.c.h; path = zone_medium.h; sourceTree = "<group>"; };
		BFD753002A8E8E41008F1AD3 /* zone_medium.c */ = {isa = PBXFileReference; lastKnownFileType = sourcecode.c.c; path = zone_medium.c; sourceTree = "<group>"; };
/* End PBXFileReference section */

/* Begin PBXFrameworksBuildPhase section */
		BF879D502A8BA0A400B1A298 /* Frameworks */ = {
			isa = PBXFrameworksBuildPhase;
			buildActionMask = 2147483647;
			files = (
				BF879D5F2A8BA12600B1A298 /* libmh_malloc.dylib in Frameworks */,
			);
			runOnlyForDeploymentPostprocessing = 0;
		};
		BFAC2CE72A583C3E000FC0EC /* Frameworks */ = {
			isa = PBXFrameworksBuildPhase;
			buildActionMask = 2147483647;
			files = (
			);
			runOnlyForDeploymentPostprocessing = 0;
		};
/* End PBXFrameworksBuildPhase section */

/* Begin PBXGroup section */
		BF2310B02A58412F00AB9F35 /* src */ = {
			isa = PBXGroup;
			children = (
				BFD752F92A8E79F2008F1AD3 /* zone */,
				BF2310B32A5843EF00AB9F35 /* malloc.c */,
				BF30D84E2A780D9A001D4EBF /* pageHeader.h */,
				BF30D84F2A780D9A001D4EBF /* pageHeader.c */,
				BF30D8522A78103B001D4EBF /* error.h */,
				BF30D8532A78103B001D4EBF /* error.c */,
				BF879D602A8BA54400B1A298 /* warn.h */,
				BF879D612A8BA54500B1A298 /* warn.c */,
			);
			path = src;
			sourceTree = "<group>";
		};
		BF2310B12A58413B00AB9F35 /* include */ = {
			isa = PBXGroup;
			children = (
				BF2310B22A58415200AB9F35 /* malloc.h */,
			);
			path = include;
			sourceTree = "<group>";
		};
		BF243D6B2A9E5AC900E51F2D /* large */ = {
			isa = PBXGroup;
			children = (
				BF4416E72A94C5F0000C2499 /* zone_large.h */,
				BF4416E82A94C5F0000C2499 /* zone_large.c */,
			);
			path = large;
			sourceTree = "<group>";
		};
		BF243D6C2A9E5AD200E51F2D /* medium */ = {
			isa = PBXGroup;
			children = (
				BFD752FF2A8E8B88008F1AD3 /* zone_medium.h */,
				BFD753002A8E8E41008F1AD3 /* zone_medium.c */,
				BFAACC392A9FAC3900804478 /* chunk_medium.h */,
			);
			path = medium;
			sourceTree = "<group>";
		};
		BF243D6D2A9E5ADA00E51F2D /* small */ = {
			isa = PBXGroup;
			children = (
				BF4416E32A94C521000C2499 /* zone_small.h */,
				BF4416E42A94C521000C2499 /* zone_small.c */,
			);
			path = small;
			sourceTree = "<group>";
		};
		BF879D542A8BA0A400B1A298 /* test */ = {
			isa = PBXGroup;
			children = (
				BF879D5A2A8BA0D700B1A298 /* test.c */,
			);
			path = test;
			sourceTree = "<group>";
		};
		BF879D5E2A8BA12600B1A298 /* Frameworks */ = {
			isa = PBXGroup;
			children = (
			);
			name = Frameworks;
			sourceTree = "<group>";
		};
		BFAC2CE02A583C3E000FC0EC = {
			isa = PBXGroup;
			children = (
				BFABDC212ABB2EB500185E21 /* LICENSE */,
				BF2310B12A58413B00AB9F35 /* include */,
				BF2310B02A58412F00AB9F35 /* src */,
				BFB4EA0C2A583E73009376F1 /* Makefile */,
				BFB4EA0A2A583D20009376F1 /* README.md */,
				BFB4EA092A583CC5009376F1 /* .gitignore */,
				BF879D542A8BA0A400B1A298 /* test */,
				BFAC2CEA2A583C3E000FC0EC /* Products */,
				BF879D5E2A8BA12600B1A298 /* Frameworks */,
			);
			sourceTree = "<group>";
		};
		BFAC2CEA2A583C3E000FC0EC /* Products */ = {
			isa = PBXGroup;
			children = (
				BFAC2CE92A583C3E000FC0EC /* libmh_malloc.dylib */,
				BF879D532A8BA0A400B1A298 /* test */,
			);
			name = Products;
			sourceTree = "<group>";
		};
		BFD752F92A8E79F2008F1AD3 /* zone */ = {
			isa = PBXGroup;
			children = (
				BF243D6D2A9E5ADA00E51F2D /* small */,
				BF243D6C2A9E5AD200E51F2D /* medium */,
				BF243D6B2A9E5AC900E51F2D /* large */,
				BFD752FA2A8E7A06008F1AD3 /* zone.h */,
				BFD752FB2A8E7A06008F1AD3 /* zone.c */,
				BFD752FE2A8E82AA008F1AD3 /* zones.h */,
				BF243D6E2A9E5CBE00E51F2D /* chunk.h */,
			);
			path = zone;
			sourceTree = "<group>";
		};
/* End PBXGroup section */

/* Begin PBXHeadersBuildPhase section */
		BFAC2CE52A583C3E000FC0EC /* Headers */ = {
			isa = PBXHeadersBuildPhase;
			buildActionMask = 2147483647;
			files = (
				BF4416E52A94C521000C2499 /* zone_small.h in Headers */,
				BFD752FC2A8E7A06008F1AD3 /* zone.h in Headers */,
				BF4416E92A94C5F0000C2499 /* zone_large.h in Headers */,
				BF30D8502A780D9A001D4EBF /* pageHeader.h in Headers */,
				BF879D622A8BA54500B1A298 /* warn.h in Headers */,
				BF30D8542A78103B001D4EBF /* error.h in Headers */,
			);
			runOnlyForDeploymentPostprocessing = 0;
		};
/* End PBXHeadersBuildPhase section */

/* Begin PBXNativeTarget section */
		BF879D522A8BA0A400B1A298 /* test */ = {
			isa = PBXNativeTarget;
			buildConfigurationList = BF879D592A8BA0A400B1A298 /* Build configuration list for PBXNativeTarget "test" */;
			buildPhases = (
				BF879D4F2A8BA0A400B1A298 /* Sources */,
				BF879D502A8BA0A400B1A298 /* Frameworks */,
				BF879D512A8BA0A400B1A298 /* CopyFiles */,
			);
			buildRules = (
			);
			dependencies = (
				BF879D5D2A8BA0F000B1A298 /* PBXTargetDependency */,
			);
			name = test;
			productName = test;
			productReference = BF879D532A8BA0A400B1A298 /* test */;
			productType = "com.apple.product-type.tool";
		};
		BFAC2CE82A583C3E000FC0EC /* mh_malloc */ = {
			isa = PBXNativeTarget;
			buildConfigurationList = BFAC2CED2A583C3E000FC0EC /* Build configuration list for PBXNativeTarget "mh_malloc" */;
			buildPhases = (
				BFAC2CE52A583C3E000FC0EC /* Headers */,
				BFAC2CE62A583C3E000FC0EC /* Sources */,
				BFAC2CE72A583C3E000FC0EC /* Frameworks */,
			);
			buildRules = (
			);
			dependencies = (
			);
			name = mh_malloc;
			productName = ft_malloc;
			productReference = BFAC2CE92A583C3E000FC0EC /* libmh_malloc.dylib */;
			productType = "com.apple.product-type.library.dynamic";
		};
/* End PBXNativeTarget section */

/* Begin PBXProject section */
		BFAC2CE12A583C3E000FC0EC /* Project object */ = {
			isa = PBXProject;
			attributes = {
				BuildIndependentTargetsInParallel = 1;
				LastUpgradeCheck = 1430;
				TargetAttributes = {
					BF879D522A8BA0A400B1A298 = {
						CreatedOnToolsVersion = 14.3.1;
					};
					BFAC2CE82A583C3E000FC0EC = {
						CreatedOnToolsVersion = 14.3.1;
					};
				};
			};
			buildConfigurationList = BFAC2CE42A583C3E000FC0EC /* Build configuration list for PBXProject "mh_malloc" */;
			compatibilityVersion = "Xcode 14.0";
			developmentRegion = en;
			hasScannedForEncodings = 0;
			knownRegions = (
				en,
				Base,
			);
			mainGroup = BFAC2CE02A583C3E000FC0EC;
			productRefGroup = BFAC2CEA2A583C3E000FC0EC /* Products */;
			projectDirPath = "";
			projectRoot = "";
			targets = (
				BFAC2CE82A583C3E000FC0EC /* mh_malloc */,
				BF879D522A8BA0A400B1A298 /* test */,
			);
		};
/* End PBXProject section */

/* Begin PBXSourcesBuildPhase section */
		BF879D4F2A8BA0A400B1A298 /* Sources */ = {
			isa = PBXSourcesBuildPhase;
			buildActionMask = 2147483647;
			files = (
				BF879D5B2A8BA0D700B1A298 /* test.c in Sources */,
			);
			runOnlyForDeploymentPostprocessing = 0;
		};
		BFAC2CE62A583C3E000FC0EC /* Sources */ = {
			isa = PBXSourcesBuildPhase;
			buildActionMask = 2147483647;
			files = (
				BFD753012A8E8E41008F1AD3 /* zone_medium.c in Sources */,
				BF4416EA2A94C5F0000C2499 /* zone_large.c in Sources */,
				BF4416E62A94C521000C2499 /* zone_small.c in Sources */,
				BF879D632A8BA54500B1A298 /* warn.c in Sources */,
				BFD752FD2A8E7A06008F1AD3 /* zone.c in Sources */,
				BF2310B42A5843EF00AB9F35 /* malloc.c in Sources */,
				BF30D8512A780D9A001D4EBF /* pageHeader.c in Sources */,
				BF30D8552A78103B001D4EBF /* error.c in Sources */,
			);
			runOnlyForDeploymentPostprocessing = 0;
		};
/* End PBXSourcesBuildPhase section */

/* Begin PBXTargetDependency section */
		BF879D5D2A8BA0F000B1A298 /* PBXTargetDependency */ = {
			isa = PBXTargetDependency;
			target = BFAC2CE82A583C3E000FC0EC /* mh_malloc */;
			targetProxy = BF879D5C2A8BA0F000B1A298 /* PBXContainerItemProxy */;
		};
/* End PBXTargetDependency section */

/* Begin XCBuildConfiguration section */
		BF879D572A8BA0A400B1A298 /* Debug */ = {
			isa = XCBuildConfiguration;
			buildSettings = {
				CODE_SIGN_STYLE = Automatic;
				PRODUCT_NAME = "$(TARGET_NAME)";
			};
			name = Debug;
		};
		BF879D582A8BA0A400B1A298 /* Release */ = {
			isa = XCBuildConfiguration;
			buildSettings = {
				CODE_SIGN_STYLE = Automatic;
				PRODUCT_NAME = "$(TARGET_NAME)";
			};
			name = Release;
		};
		BFAC2CEB2A583C3E000FC0EC /* Debug */ = {
			isa = XCBuildConfiguration;
			buildSettings = {
				ALWAYS_SEARCH_USER_PATHS = NO;
				CLANG_ANALYZER_NONNULL = YES;
				CLANG_ANALYZER_NUMBER_OBJECT_CONVERSION = YES_AGGRESSIVE;
				CLANG_CXX_LANGUAGE_STANDARD = "gnu++20";
				CLANG_ENABLE_MODULES = YES;
				CLANG_ENABLE_OBJC_ARC = YES;
				CLANG_ENABLE_OBJC_WEAK = YES;
				CLANG_WARN_BLOCK_CAPTURE_AUTORELEASING = YES;
				CLANG_WARN_BOOL_CONVERSION = YES;
				CLANG_WARN_COMMA = YES;
				CLANG_WARN_CONSTANT_CONVERSION = YES;
				CLANG_WARN_DEPRECATED_OBJC_IMPLEMENTATIONS = YES;
				CLANG_WARN_DIRECT_OBJC_ISA_USAGE = YES_ERROR;
				CLANG_WARN_DOCUMENTATION_COMMENTS = YES;
				CLANG_WARN_EMPTY_BODY = YES;
				CLANG_WARN_ENUM_CONVERSION = YES;
				CLANG_WARN_INFINITE_RECURSION = YES;
				CLANG_WARN_INT_CONVERSION = YES;
				CLANG_WARN_NON_LITERAL_NULL_CONVERSION = YES;
				CLANG_WARN_OBJC_IMPLICIT_RETAIN_SELF = YES;
				CLANG_WARN_OBJC_LITERAL_CONVERSION = YES;
				CLANG_WARN_OBJC_ROOT_CLASS = YES_ERROR;
				CLANG_WARN_QUOTED_INCLUDE_IN_FRAMEWORK_HEADER = YES;
				CLANG_WARN_RANGE_LOOP_ANALYSIS = YES;
				CLANG_WARN_STRICT_PROTOTYPES = YES;
				CLANG_WARN_SUSPICIOUS_MOVE = YES;
				CLANG_WARN_UNGUARDED_AVAILABILITY = YES_AGGRESSIVE;
				CLANG_WARN_UNREACHABLE_CODE = YES;
				CLANG_WARN__DUPLICATE_METHOD_MATCH = YES;
				COPY_PHASE_STRIP = NO;
				DEBUG_INFORMATION_FORMAT = dwarf;
				ENABLE_STRICT_OBJC_MSGSEND = YES;
				ENABLE_TESTABILITY = YES;
				GCC_C_LANGUAGE_STANDARD = gnu11;
				GCC_DYNAMIC_NO_PIC = NO;
				GCC_NO_COMMON_BLOCKS = YES;
				GCC_OPTIMIZATION_LEVEL = 0;
				GCC_PREPROCESSOR_DEFINITIONS = (
					"DEBUG=1",
					"$(inherited)",
				);
				GCC_WARN_64_TO_32_BIT_CONVERSION = YES;
				GCC_WARN_ABOUT_RETURN_TYPE = YES_ERROR;
				GCC_WARN_UNDECLARED_SELECTOR = YES;
				GCC_WARN_UNINITIALIZED_AUTOS = YES_AGGRESSIVE;
				GCC_WARN_UNUSED_FUNCTION = YES;
				GCC_WARN_UNUSED_VARIABLE = YES;
				MACOSX_DEPLOYMENT_TARGET = 13.3;
				MTL_ENABLE_DEBUG_INFO = INCLUDE_SOURCE;
				MTL_FAST_MATH = YES;
				ONLY_ACTIVE_ARCH = YES;
				SDKROOT = macosx;
			};
			name = Debug;
		};
		BFAC2CEC2A583C3E000FC0EC /* Release */ = {
			isa = XCBuildConfiguration;
			buildSettings = {
				ALWAYS_SEARCH_USER_PATHS = NO;
				CLANG_ANALYZER_NONNULL = YES;
				CLANG_ANALYZER_NUMBER_OBJECT_CONVERSION = YES_AGGRESSIVE;
				CLANG_CXX_LANGUAGE_STANDARD = "gnu++20";
				CLANG_ENABLE_MODULES = YES;
				CLANG_ENABLE_OBJC_ARC = YES;
				CLANG_ENABLE_OBJC_WEAK = YES;
				CLANG_WARN_BLOCK_CAPTURE_AUTORELEASING = YES;
				CLANG_WARN_BOOL_CONVERSION = YES;
				CLANG_WARN_COMMA = YES;
				CLANG_WARN_CONSTANT_CONVERSION = YES;
				CLANG_WARN_DEPRECATED_OBJC_IMPLEMENTATIONS = YES;
				CLANG_WARN_DIRECT_OBJC_ISA_USAGE = YES_ERROR;
				CLANG_WARN_DOCUMENTATION_COMMENTS = YES;
				CLANG_WARN_EMPTY_BODY = YES;
				CLANG_WARN_ENUM_CONVERSION = YES;
				CLANG_WARN_INFINITE_RECURSION = YES;
				CLANG_WARN_INT_CONVERSION = YES;
				CLANG_WARN_NON_LITERAL_NULL_CONVERSION = YES;
				CLANG_WARN_OBJC_IMPLICIT_RETAIN_SELF = YES;
				CLANG_WARN_OBJC_LITERAL_CONVERSION = YES;
				CLANG_WARN_OBJC_ROOT_CLASS = YES_ERROR;
				CLANG_WARN_QUOTED_INCLUDE_IN_FRAMEWORK_HEADER = YES;
				CLANG_WARN_RANGE_LOOP_ANALYSIS = YES;
				CLANG_WARN_STRICT_PROTOTYPES = YES;
				CLANG_WARN_SUSPICIOUS_MOVE = YES;
				CLANG_WARN_UNGUARDED_AVAILABILITY = YES_AGGRESSIVE;
				CLANG_WARN_UNREACHABLE_CODE = YES;
				CLANG_WARN__DUPLICATE_METHOD_MATCH = YES;
				COPY_PHASE_STRIP = NO;
				DEBUG_INFORMATION_FORMAT = "dwarf-with-dsym";
				ENABLE_NS_ASSERTIONS = NO;
				ENABLE_STRICT_OBJC_MSGSEND = YES;
				GCC_C_LANGUAGE_STANDARD = gnu11;
				GCC_NO_COMMON_BLOCKS = YES;
				GCC_WARN_64_TO_32_BIT_CONVERSION = YES;
				GCC_WARN_ABOUT_RETURN_TYPE = YES_ERROR;
				GCC_WARN_UNDECLARED_SELECTOR = YES;
				GCC_WARN_UNINITIALIZED_AUTOS = YES_AGGRESSIVE;
				GCC_WARN_UNUSED_FUNCTION = YES;
				GCC_WARN_UNUSED_VARIABLE = YES;
				MACOSX_DEPLOYMENT_TARGET = 13.3;
				MTL_ENABLE_DEBUG_INFO = NO;
				MTL_FAST_MATH = YES;
				SDKROOT = macosx;
			};
			name = Release;
		};
		BFAC2CEE2A583C3E000FC0EC /* Debug */ = {
			isa = XCBuildConfiguration;
			buildSettings = {
				CODE_SIGN_STYLE = Automatic;
				DYLIB_COMPATIBILITY_VERSION = 1;
				DYLIB_CURRENT_VERSION = 1;
				EXECUTABLE_PREFIX = lib;
				PRODUCT_NAME = "$(TARGET_NAME)";
				SKIP_INSTALL = YES;
			};
			name = Debug;
		};
		BFAC2CEF2A583C3E000FC0EC /* Release */ = {
			isa = XCBuildConfiguration;
			buildSettings = {
				CODE_SIGN_STYLE = Automatic;
				DYLIB_COMPATIBILITY_VERSION = 1;
				DYLIB_CURRENT_VERSION = 1;
				EXECUTABLE_PREFIX = lib;
				PRODUCT_NAME = "$(TARGET_NAME)";
				SKIP_INSTALL = YES;
			};
			name = Release;
		};
/* End XCBuildConfiguration section */

/* Begin XCConfigurationList section */
		BF879D592A8BA0A400B1A298 /* Build configuration list for PBXNativeTarget "test" */ = {
			isa = XCConfigurationList;
			buildConfigurations = (
				BF879D572A8BA0A400B1A298 /* Debug */,
				BF879D582A8BA0A400B1A298 /* Release */,
			);
			defaultConfigurationIsVisible = 0;
			defaultConfigurationName = Release;
		};
		BFAC2CE42A583C3E000FC0EC /* Build configuration list for PBXProject "mh_malloc" */ = {
			isa = XCConfigurationList;
			buildConfigurations = (
				BFAC2CEB2A583C3E000FC0EC /* Debug */,
				BFAC2CEC2A583C3E000FC0EC /* Release */,
			);
			defaultConfigurationIsVisible = 0;
			defaultConfigurationName = Release;
		};
		BFAC2CED2A583C3E000FC0EC /* Build configuration list for PBXNativeTarget "mh_malloc" */ = {
			isa = XCConfigurationList;
			buildConfigurations = (
				BFAC2CEE2A583C3E000FC0EC /* Debug */,
				BFAC2CEF2A583C3E000FC0EC /* Release */,
			);
			defaultConfigurationIsVisible = 0;
			defaultConfigurationName = Release;
		};
/* End XCConfigurationList section */
	};
	rootObject = BFAC2CE12A583C3E000FC0EC /* Project object */;
}
